# THIS IS AN AUTOGENERATED FILE. DO NOT EDIT THIS FILE DIRECTLY.
# yarn lockfile v1


"@types/cookie@^0.5.4":
  version "0.5.4"
  resolved "https://registry.yarnpkg.com/@types/cookie/-/cookie-0.5.4.tgz#7e70a20cd695bc48d46b08c2505874cd68b760e0"
  integrity sha512-7z/eR6O859gyWIAjuvBWFzNURmf2oPBmJlfVWkwehU5nzIyjwBsTh7WMmEEV4JFnHuQ3ex4oyTvfKzcyJVDBNA==
